
Microsoft Visual Studio Solution File, Format Version 12.00
# Visual Studio Version 16
VisualStudioVersion = 16.0.33529.622
MinimumVisualStudioVersion = 10.0.40219.1
Project("{FAE04EC0-301F-11D3-BF4B-00C04F79EFBC}") = "VISUAL STUDIO HTML SUBMISSION ASSIGNMENT", "VISUAL STUDIO HTML SUBMISSION ASSIGNMENT\VISUAL STUDIO HTML SUBMISSION ASSIGNMENT.csproj", "{83A257CF-52E8-473A-8C87-8F475BA92AFE}"
EndProject
Global
	GlobalSection(SolutionConfigurationPlatforms) = preSolution
		Debug|Any CPU = Debug|Any CPU
		Release|Any CPU = Release|Any CPU
	EndGlobalSection
	GlobalSection(ProjectConfigurationPlatforms) = postSolution
		{83A257CF-52E8-473A-8C87-8F475BA92AFE}.Debug|Any CPU.ActiveCfg = Debug|Any CPU
		{83A257CF-52E8-473A-8C87-8F475BA92AFE}.Debug|Any CPU.Build.0 = Debug|Any CPU
		{83A257CF-52E8-473A-8C87-8F475BA92AFE}.Release|Any CPU.ActiveCfg = Release|Any CPU
		{83A257CF-52E8-473A-8C87-8F475BA92AFE}.Release|Any CPU.Build.0 = Release|Any CPU
	EndGlobalSection
	GlobalSection(SolutionProperties) = preSolution
		HideSolutionNode = FALSE
	EndGlobalSection
	GlobalSection(ExtensibilityGlobals) = postSolution
		SolutionGuid = {B848B54D-34BA-4A84-BCF4-14880D24E1C8}
	EndGlobalSection
EndGlobal
